
Microsoft Visual Studio Solution File, Format Version 11.00
# Visual Studio 2010
Project("{8BC9CEB8-8B4A-11D0-8D11-00A0C91BC942}") = "ShapeShowcase", "TWMFramework.vcxproj", "{04B30C04-F236-4045-8B03-6BA5757572EC}"
EndProject
Global
	GlobalSection(SubversionScc) = preSolution
		Svn-Managed = True
		Manager = AnkhSVN - Subversion Support for Visual Studio
	EndGlobalSection
	GlobalSection(SolutionConfigurationPlatforms) = preSolution
		Debug|Win32 = Debug|Win32
		Release|Win32 = Release|Win32
	EndGlobalSection
	GlobalSection(ProjectConfigurationPlatforms) = postSolution
		{04B30C04-F236-4045-8B03-6BA5757572EC}.Debug|Win32.ActiveCfg = Debug|Win32
		{04B30C04-F236-4045-8B03-6BA5757572EC}.Debug|Win32.Build.0 = Debug|Win32
		{04B30C04-F236-4045-8B03-6BA5757572EC}.Release|Win32.ActiveCfg = Release|Win32
		{04B30C04-F236-4045-8B03-6BA5757572EC}.Release|Win32.Build.0 = Release|Win32
	EndGlobalSection
	GlobalSection(SolutionProperties) = preSolution
		HideSolutionNode = FALSE
	EndGlobalSection
EndGlobal
